// !$*UTF8*$!
{
	archiveVersion = 1;
	classes = {
	};
	objectVersion = 46;
	objects = {

/* Begin PBXBuildFile section */
		F960B64B1EB9964300B904A1 /* AppDelegate.swift in Sources */ = {isa = PBXBuildFile; fileRef = F960B64A1EB9964300B904A1 /* AppDelegate.swift */; };
		F960B64D1EB9964300B904A1 /* ViewController.swift in Sources */ = {isa = PBXBuildFile; fileRef = F960B64C1EB9964300B904A1 /* ViewController.swift */; };
		F960B6501EB9964300B904A1 /* Main.storyboard in Resources */ = {isa = PBXBuildFile; fileRef = F960B64E1EB9964300B904A1 /* Main.storyboard */; };
		F960B6521EB9964300B904A1 /* Assets.xcassets in Resources */ = {isa = PBXBuildFile; fileRef = F960B6511EB9964300B904A1 /* Assets.xcassets */; };
		F960B6551EB9964300B904A1 /* LaunchScreen.storyboard in Resources */ = {isa = PBXBuildFile; fileRef = F960B6531EB9964300B904A1 /* LaunchScreen.storyboard */; };
		F960B6601EB9964300B904A1 /* GPSLogTests.swift in Sources */ = {isa = PBXBuildFile; fileRef = F960B65F1EB9964300B904A1 /* GPSLogTests.swift */; };
/* End PBXBuildFile section */

/* Begin PBXContainerItemProxy section */
		F960B65C1EB9964300B904A1 /* PBXContainerItemProxy */ = {
			isa = PBXContainerItemProxy;
			containerPortal = F960B63F1EB9964300B904A1 /* Project object */;
			proxyType = 1;
			remoteGlobalIDString = F960B6461EB9964300B904A1;
			remoteInfo = GPSLog;
		};
/* End PBXContainerItemProxy section */

/* Begin PBXFileReference section */
		F960B6471EB9964300B904A1 /* GPSLog.app */ = {isa = PBXFileReference; explicitFileType = wrapper.application; includeInIndex = 0; path = GPSLog.app; sourceTree = BUILT_PRODUCTS_DIR; };
		F960B64A1EB9964300B904A1 /* AppDelegate.swift */ = {isa = PBXFileReference; lastKnownFileType = sourcecode.swift; path = AppDelegate.swift; sourceTree = "<group>"; };
		F960B64C1EB9964300B904A1 /* ViewController.swift */ = {isa = PBXFileReference; lastKnownFileType = sourcecode.swift; path = ViewController.swift; sourceTree = "<group>"; };
		F960B64F1EB9964300B904A1 /* Base */ = {isa = PBXFileReference; lastKnownFileType = file.storyboard; name = Base; path = Base.lproj/Main.storyboard; sourceTree = "<group>"; };
		F960B6511EB9964300B904A1 /* Assets.xcassets */ = {isa = PBXFileReference; lastKnownFileType = folder.assetcatalog; path = Assets.xcassets; sourceTree = "<group>"; };
		F960B6541EB9964300B904A1 /* Base */ = {isa = PBXFileReference; lastKnownFileType = file.storyboard; name = Base; path = Base.lproj/LaunchScreen.storyboard; sourceTree = "<group>"; };
		F960B6561EB9964300B904A1 /* Info.plist */ = {isa = PBXFileReference; lastKnownFileType = text.plist.xml; path = Info.plist; sourceTree = "<group>"; };
		F960B65B1EB9964300B904A1 /* GPSLogTests.xctest */ = {isa = PBXFileReference; explicitFileType = wrapper.cfbundle; includeInIndex = 0; path = GPSLogTests.xctest; sourceTree = BUILT_PRODUCTS_DIR; };
		F960B65F1EB9964300B904A1 /* GPSLogTests.swift */ = {isa = PBXFileReference; lastKnownFileType = sourcecode.swift; path = GPSLogTests.swift; sourceTree = "<group>"; };
		F960B6611EB9964300B904A1 /* Info.plist */ = {isa = PBXFileReference; lastKnownFileType = text.plist.xml; path = Info.plist; sourceTree = "<group>"; };
/* End PBXFileReference section */

/* Begin PBXFrameworksBuildPhase section */
		F960B6441EB9964300B904A1 /* Frameworks */ = {
			isa = PBXFrameworksBuildPhase;
			buildActionMask = 2147483647;
			files = (
			);
			runOnlyForDeploymentPostprocessing = 0;
		};
		F960B6581EB9964300B904A1 /* Frameworks */ = {
			isa = PBXFrameworksBuildPhase;
			buildActionMask = 2147483647;
			files = (
			);
			runOnlyForDeploymentPostprocessing = 0;
		};
/* End PBXFrameworksBuildPhase section */

/* Begin PBXGroup section */
		F960B63E1EB9964300B904A1 = {
			isa = PBXGroup;
			children = (
				F960B6491EB9964300B904A1 /* GPSLog */,
				F960B65E1EB9964300B904A1 /* GPSLogTests */,
				F960B6481EB9964300B904A1 /* Products */,
			);
			sourceTree = "<group>";
		};
		F960B6481EB9964300B904A1 /* Products */ = {
			isa = PBXGroup;
			children = (
				F960B6471EB9964300B904A1 /* GPSLog.app */,
				F960B65B1EB9964300B904A1 /* GPSLogTests.xctest */,
			);
			name = Products;
			sourceTree = "<group>";
		};
		F960B6491EB9964300B904A1 /* GPSLog */ = {
			isa = PBXGroup;
			children = (
				F960B64A1EB9964300B904A1 /* AppDelegate.swift */,
				F960B64C1EB9964300B904A1 /* ViewController.swift */,
				F960B64E1EB9964300B904A1 /* Main.storyboard */,
				F960B6511EB9964300B904A1 /* Assets.xcassets */,
				F960B6531EB9964300B904A1 /* LaunchScreen.storyboard */,
				F960B6561EB9964300B904A1 /* Info.plist */,
			);
			path = GPSLog;
			sourceTree = "<group>";
		};
		F960B65E1EB9964300B904A1 /* GPSLogTests */ = {
			isa = PBXGroup;
			children = (
				F960B65F1EB9964300B904A1 /* GPSLogTests.swift */,
				F960B6611EB9964300B904A1 /* Info.plist */,
			);
			path = GPSLogTests;
			sourceTree = "<group>";
		};
/* End PBXGroup section */

/* Begin PBXNativeTarget section */
		F960B6461EB9964300B904A1 /* GPSLog */ = {
			isa = PBXNativeTarget;
			buildConfigurationList = F960B6641EB9964300B904A1 /* Build configuration list for PBXNativeTarget "GPSLog" */;
			buildPhases = (
				F960B6431EB9964300B904A1 /* Sources */,
				F960B6441EB9964300B904A1 /* Frameworks */,
				F960B6451EB9964300B904A1 /* Resources */,
			);
			buildRules = (
			);
			dependencies = (
			);
			name = GPSLog;
			productName = GPSLog;
			productReference = F960B6471EB9964300B904A1 /* GPSLog.app */;
			productType = "com.apple.product-type.application";
		};
		F960B65A1EB9964300B904A1 /* GPSLogTests */ = {
			isa = PBXNativeTarget;
			buildConfigurationList = F960B6671EB9964300B904A1 /* Build configuration list for PBXNativeTarget "GPSLogTests" */;
			buildPhases = (
				F960B6571EB9964300B904A1 /* Sources */,
				F960B6581EB9964300B904A1 /* Frameworks */,
				F960B6591EB9964300B904A1 /* Resources */,
			);
			buildRules = (
			);
			dependencies = (
				F960B65D1EB9964300B904A1 /* PBXTargetDependency */,
			);
			name = GPSLogTests;
			productName = GPSLogTests;
			productReference = F960B65B1EB9964300B904A1 /* GPSLogTests.xctest */;
			productType = "com.apple.product-type.bundle.unit-test";
		};
/* End PBXNativeTarget section */

/* Begin PBXProject section */
		F960B63F1EB9964300B904A1 /* Project object */ = {
			isa = PBXProject;
			attributes = {
				LastSwiftUpdateCheck = 0830;
				LastUpgradeCheck = 0830;
				ORGANIZATIONNAME = Gutty;
				TargetAttributes = {
					F960B6461EB9964300B904A1 = {
						CreatedOnToolsVersion = 8.3.1;
						DevelopmentTeam = 3QF397M6R4;
						ProvisioningStyle = Automatic;
					};
					F960B65A1EB9964300B904A1 = {
						CreatedOnToolsVersion = 8.3.1;
						DevelopmentTeam = 3QF397M6R4;
						ProvisioningStyle = Automatic;
						TestTargetID = F960B6461EB9964300B904A1;
					};
				};
			};
			buildConfigurationList = F960B6421EB9964300B904A1 /* Build configuration list for PBXProject "GPSLog" */;
			compatibilityVersion = "Xcode 3.2";
			developmentRegion = English;
			hasScannedForEncodings = 0;
			knownRegions = (
				en,
				Base,
			);
			mainGroup = F960B63E1EB9964300B904A1;
			productRefGroup = F960B6481EB9964300B904A1 /* Products */;
			projectDirPath = "";
			projectRoot = "";
			targets = (
				F960B6461EB9964300B904A1 /* GPSLog */,
				F960B65A1EB9964300B904A1 /* GPSLogTests */,
			);
		};
/* End PBXProject section */

/* Begin PBXResourcesBuildPhase section */
		F960B6451EB9964300B904A1 /* Resources */ = {
			isa = PBXResourcesBuildPhase;
			buildActionMask = 2147483647;
			files = (
				F960B6551EB9964300B904A1 /* LaunchScreen.storyboard in Resources */,
				F960B6521EB9964300B904A1 /* Assets.xcassets in Resources */,
				F960B6501EB9964300B904A1 /* Main.storyboard in Resources */,
			);
			runOnlyForDeploymentPostprocessing = 0;
		};
		F960B6591EB9964300B904A1 /* Resources */ = {
			isa = PBXResourcesBuildPhase;
			buildActionMask = 2147483647;
			files = (
			);
			runOnlyForDeploymentPostprocessing = 0;
		};
/* End PBXResourcesBuildPhase section */

/* Begin PBXSourcesBuildPhase section */
		F960B6431EB9964300B904A1 /* Sources */ = {
			isa = PBXSourcesBuildPhase;
			buildActionMask = 2147483647;
			files = (
				F960B64D1EB9964300B904A1 /* ViewController.swift in Sources */,
				F960B64B1EB9964300B904A1 /* AppDelegate.swift in Sources */,
			);
			runOnlyForDeploymentPostprocessing = 0;
		};
		F960B6571EB9964300B904A1 /* Sources */ = {
			isa = PBXSourcesBuildPhase;
			buildActionMask = 2147483647;
			files = (
				F960B6601EB9964300B904A1 /* GPSLogTests.swift in Sources */,
			);
			runOnlyForDeploymentPostprocessing = 0;
		};
/* End PBXSourcesBuildPhase section */

/* Begin PBXTargetDependency section */
		F960B65D1EB9964300B904A1 /* PBXTargetDependency */ = {
			isa = PBXTargetDependency;
			target = F960B6461EB9964300B904A1 /* GPSLog */;
			targetProxy = F960B65C1EB9964300B904A1 /* PBXContainerItemProxy */;
		};
/* End PBXTargetDependency section */

/* Begin PBXVariantGroup section */
		F960B64E1EB9964300B904A1 /* Main.storyboard */ = {
			isa = PBXVariantGroup;
			children = (
				F960B64F1EB9964300B904A1 /* Base */,
			);
			name = Main.storyboard;
			sourceTree = "<group>";
		};
		F960B6531EB9964300B904A1 /* LaunchScreen.storyboard */ = {
			isa = PBXVariantGroup;
			children = (
				F960B6541EB9964300B904A1 /* Base */,
			);
			name = LaunchScreen.storyboard;
			sourceTree = "<group>";
		};
/* End PBXVariantGroup section */

/* Begin XCBuildConfiguration section */
		F960B6621EB9964300B904A1 /* Debug */ = {
			isa = XCBuildConfiguration;
			buildSettings = {
				ALWAYS_SEARCH_USER_PATHS = NO;
				CLANG_ANALYZER_NONNULL = YES;
				CLANG_ANALYZER_NUMBER_OBJECT_CONVERSION = YES_AGGRESSIVE;
				CLANG_CXX_LANGUAGE_STANDARD = "gnu++0x";
				CLANG_CXX_LIBRARY = "libc++";
				CLANG_ENABLE_MODULES = YES;
				CLANG_ENABLE_OBJC_ARC = YES;
				CLANG_WARN_BOOL_CONVERSION = YES;
				CLANG_WARN_CONSTANT_CONVERSION = YES;
				CLANG_WARN_DIRECT_OBJC_ISA_USAGE = YES_ERROR;
				CLANG_WARN_DOCUMENTATION_COMMENTS = YES;
				CLANG_WARN_EMPTY_BODY = YES;
				CLANG_WARN_ENUM_CONVERSION = YES;
				CLANG_WARN_INFINITE_RECURSION = YES;
				CLANG_WARN_INT_CONVERSION = YES;
				CLANG_WARN_OBJC_ROOT_CLASS = YES_ERROR;
				CLANG_WARN_SUSPICIOUS_MOVE = YES;
				CLANG_WARN_UNREACHABLE_CODE = YES;
				CLANG_WARN__DUPLICATE_METHOD_MATCH = YES;
				"CODE_SIGN_IDENTITY[sdk=iphoneos*]" = "iPhone Developer";
				COPY_PHASE_STRIP = NO;
				DEBUG_INFORMATION_FORMAT = dwarf;
				ENABLE_STRICT_OBJC_MSGSEND = YES;
				ENABLE_TESTABILITY = YES;
				GCC_C_LANGUAGE_STANDARD = gnu99;
				GCC_DYNAMIC_NO_PIC = NO;
				GCC_NO_COMMON_BLOCKS = YES;
				GCC_OPTIMIZATION_LEVEL = 0;
				GCC_PREPROCESSOR_DEFINITIONS = (
					"DEBUG=1",
					"$(inherited)",
				);
				GCC_WARN_64_TO_32_BIT_CONVERSION = YES;
				GCC_WARN_ABOUT_RETURN_TYPE = YES_ERROR;
				GCC_WARN_UNDECLARED_SELECTOR = YES;
				GCC_WARN_UNINITIALIZED_AUTOS = YES_AGGRESSIVE;
				GCC_WARN_UNUSED_FUNCTION = YES;
				GCC_WARN_UNUSED_VARIABLE = YES;
				IPHONEOS_DEPLOYMENT_TARGET = 10.3;
				MTL_ENABLE_DEBUG_INFO = YES;
				ONLY_ACTIVE_ARCH = YES;
				SDKROOT = iphoneos;
				SWIFT_ACTIVE_COMPILATION_CONDITIONS = DEBUG;
				SWIFT_OPTIMIZATION_LEVEL = "-Onone";
				TARGETED_DEVICE_FAMILY = "1,2";
			};
			name = Debug;
		};
		F960B6631EB9964300B904A1 /* Release */ = {
			isa = XCBuildConfiguration;
			buildSettings = {
				ALWAYS_SEARCH_USER_PATHS = NO;
				CLANG_ANALYZER_NONNULL = YES;
				CLANG_ANALYZER_NUMBER_OBJECT_CONVERSION = YES_AGGRESSIVE;
				CLANG_CXX_LANGUAGE_STANDARD = "gnu++0x";
				CLANG_CXX_LIBRARY = "libc++";
				CLANG_ENABLE_MODULES = YES;
				CLANG_ENABLE_OBJC_ARC = YES;
				CLANG_WARN_BOOL_CONVERSION = YES;
				CLANG_WARN_CONSTANT_CONVERSION = YES;
				CLANG_WARN_DIRECT_OBJC_ISA_USAGE = YES_ERROR;
				CLANG_WARN_DOCUMENTATION_COMMENTS = YES;
				CLANG_WARN_EMPTY_BODY = YES;
				CLANG_WARN_ENUM_CONVERSION = YES;
				CLANG_WARN_INFINITE_RECURSION = YES;
				CLANG_WARN_INT_CONVERSION = YES;
				CLANG_WARN_OBJC_ROOT_CLASS = YES_ERROR;
				CLANG_WARN_SUSPICIOUS_MOVE = YES;
				CLANG_WARN_UNREACHABLE_CODE = YES;
				CLANG_WARN__DUPLICATE_METHOD_MATCH = YES;
				"CODE_SIGN_IDENTITY[sdk=iphoneos*]" = "iPhone Developer";
				COPY_PHASE_STRIP = NO;
				DEBUG_INFORMATION_FORMAT = "dwarf-with-dsym";
				ENABLE_NS_ASSERTIONS = NO;
				ENABLE_STRICT_OBJC_MSGSEND = YES;
				GCC_C_LANGUAGE_STANDARD = gnu99;
				GCC_NO_COMMON_BLOCKS = YES;
				GCC_WARN_64_TO_32_BIT_CONVERSION = YES;
				GCC_WARN_ABOUT_RETURN_TYPE = YES_ERROR;
				GCC_WARN_UNDECLARED_SELECTOR = YES;
				GCC_WARN_UNINITIALIZED_AUTOS = YES_AGGRESSIVE;
				GCC_WARN_UNUSED_FUNCTION = YES;
				GCC_WARN_UNUSED_VARIABLE = YES;
				IPHONEOS_DEPLOYMENT_TARGET = 10.3;
				MTL_ENABLE_DEBUG_INFO = NO;
				SDKROOT = iphoneos;
				SWIFT_OPTIMIZATION_LEVEL = "-Owholemodule";
				TARGETED_DEVICE_FAMILY = "1,2";
				VALIDATE_PRODUCT = YES;
			};
			name = Release;
		};
		F960B6651EB9964300B904A1 /* Debug */ = {
			isa = XCBuildConfiguration;
			buildSettings = {
				ASSETCATALOG_COMPILER_APPICON_NAME = AppIcon;
				DEVELOPMENT_TEAM = 3QF397M6R4;
				INFOPLIST_FILE = GPSLog/Info.plist;
				LD_RUNPATH_SEARCH_PATHS = "$(inherited) @executable_path/Frameworks";
				PRODUCT_BUNDLE_IDENTIFIER = com.gutty.GPSLog;
				PRODUCT_NAME = "$(TARGET_NAME)";
				SWIFT_VERSION = 3.0;
			};
			name = Debug;
		};
		F960B6661EB9964300B904A1 /* Release */ = {
			isa = XCBuildConfiguration;
			buildSettings = {
				ASSETCATALOG_COMPILER_APPICON_NAME = AppIcon;
				DEVELOPMENT_TEAM = 3QF397M6R4;
				INFOPLIST_FILE = GPSLog/Info.plist;
				LD_RUNPATH_SEARCH_PATHS = "$(inherited) @executable_path/Frameworks";
				PRODUCT_BUNDLE_IDENTIFIER = com.gutty.GPSLog;
				PRODUCT_NAME = "$(TARGET_NAME)";
				SWIFT_VERSION = 3.0;
			};
			name = Release;
		};
		F960B6681EB9964300B904A1 /* Debug */ = {
			isa = XCBuildConfiguration;
			buildSettings = {
				ALWAYS_EMBED_SWIFT_STANDARD_LIBRARIES = YES;
				BUNDLE_LOADER = "$(TEST_HOST)";
				DEVELOPMENT_TEAM = 3QF397M6R4;
				INFOPLIST_FILE = GPSLogTests/Info.plist;
				LD_RUNPATH_SEARCH_PATHS = "$(inherited) @executable_path/Frameworks @loader_path/Frameworks";
				PRODUCT_BUNDLE_IDENTIFIER = com.gutty.GPSLogTests;
				PRODUCT_NAME = "$(TARGET_NAME)";
				SWIFT_VERSION = 3.0;
				TEST_HOST = "$(BUILT_PRODUCTS_DIR)/GPSLog.app/GPSLog";
			};
			name = Debug;
		};
		F960B6691EB9964300B904A1 /* Release */ = {
			isa = XCBuildConfiguration;
			buildSettings = {
				ALWAYS_EMBED_SWIFT_STANDARD_LIBRARIES = YES;
				BUNDLE_LOADER = "$(TEST_HOST)";
				DEVELOPMENT_TEAM = 3QF397M6R4;
				INFOPLIST_FILE = GPSLogTests/Info.plist;
				LD_RUNPATH_SEARCH_PATHS = "$(inherited) @executable_path/Frameworks @loader_path/Frameworks";
				PRODUCT_BUNDLE_IDENTIFIER = com.gutty.GPSLogTests;
				PRODUCT_NAME = "$(TARGET_NAME)";
				SWIFT_VERSION = 3.0;
				TEST_HOST = "$(BUILT_PRODUCTS_DIR)/GPSLog.app/GPSLog";
			};
			name = Release;
		};
/* End XCBuildConfiguration section */

/* Begin XCConfigurationList section */
		F960B6421EB9964300B904A1 /* Build configuration list for PBXProject "GPSLog" */ = {
			isa = XCConfigurationList;
			buildConfigurations = (
				F960B6621EB9964300B904A1 /* Debug */,
				F960B6631EB9964300B904A1 /* Release */,
			);
			defaultConfigurationIsVisible = 0;
			defaultConfigurationName = Release;
		};
		F960B6641EB9964300B904A1 /* Build configuration list for PBXNativeTarget "GPSLog" */ = {
			isa = XCConfigurationList;
			buildConfigurations = (
				F960B6651EB9964300B904A1 /* Debug */,
				F960B6661EB9964300B904A1 /* Release */,
			);
			defaultConfigurationIsVisible = 0;
		};
		F960B6671EB9964300B904A1 /* Build configuration list for PBXNativeTarget "GPSLogTests" */ = {
			isa = XCConfigurationList;
			buildConfigurations = (
				F960B6681EB9964300B904A1 /* Debug */,
				F960B6691EB9964300B904A1 /* Release */,
			);
			defaultConfigurationIsVisible = 0;
		};
/* End XCConfigurationList section */
	};
	rootObject = F960B63F1EB9964300B904A1 /* Project object */;
}
